# THIS IS AN AUTOGENERATED FILE. DO NOT EDIT THIS FILE DIRECTLY.
# yarn lockfile v1


lucide-react@^0.479.0:
  version "0.479.0"
  resolved "https://registry.yarnpkg.com/lucide-react/-/lucide-react-0.479.0.tgz#7321f979a389ec5dd86747b2deb6444cf0922f8d"
  integrity sha512-aBhNnveRhorBOK7uA4gDjgaf+YlHMdMhQ/3cupk6exM10hWlEU+2QtWYOfhXhjAsmdb6LeKR+NZnow4UxRRiTQ==
